
Microsoft Visual Studio Solution File, Format Version 12.00
# Visual Studio Version 17
VisualStudioVersion = 17.0.32112.339
MinimumVisualStudioVersion = 10.0.40219.1
Project("{FAE04EC0-301F-11D3-BF4B-00C04F79EFBC}") = "RegistroAlumno", "RegistroAlumno.csproj", "{C73512F6-F427-4665-B786-2E6FD01A5722}"
EndProject
Global
	GlobalSection(SolutionConfigurationPlatforms) = preSolution
		Debug|Any CPU = Debug|Any CPU
		Release|Any CPU = Release|Any CPU
	EndGlobalSection
	GlobalSection(ProjectConfigurationPlatforms) = postSolution
		{C73512F6-F427-4665-B786-2E6FD01A5722}.Debug|Any CPU.ActiveCfg = Debug|Any CPU
		{C73512F6-F427-4665-B786-2E6FD01A5722}.Debug|Any CPU.Build.0 = Debug|Any CPU
		{C73512F6-F427-4665-B786-2E6FD01A5722}.Release|Any CPU.ActiveCfg = Release|Any CPU
		{C73512F6-F427-4665-B786-2E6FD01A5722}.Release|Any CPU.Build.0 = Release|Any CPU
	EndGlobalSection
	GlobalSection(SolutionProperties) = preSolution
		HideSolutionNode = FALSE
	EndGlobalSection
	GlobalSection(ExtensibilityGlobals) = postSolution
		SolutionGuid = {72D38B45-4D44-4A2C-B48E-18D3345FD176}
	EndGlobalSection
EndGlobal
